
Microsoft Visual Studio Solution File, Format Version 12.00
# Visual Studio Version 16
VisualStudioVersion = 16.0.32106.194
MinimumVisualStudioVersion = 10.0.40219.1
Project("{FAE04EC0-301F-11D3-BF4B-00C04F79EFBC}") = "IO_Demosaic", "IO_Demosaic\IO_Demosaic.csproj", "{5DFD5F8A-0440-4082-8B66-C8685295EFB4}"
EndProject
Project("{FAE04EC0-301F-11D3-BF4B-00C04F79EFBC}") = "IOTextureReplacer", "IOTextureReplacer\IOTextureReplacer.csproj", "{CA011C81-099E-4462-B119-C344F0F78AD2}"
EndProject
Project("{FAE04EC0-301F-11D3-BF4B-00C04F79EFBC}") = "IO_DisableTextScrolling", "IO_DisableTextScrolling\IO_DisableTextScrolling.csproj", "{5A583890-95C4-4356-BEFA-79B7B367B580}"
EndProject
Project("{FAE04EC0-301F-11D3-BF4B-00C04F79EFBC}") = "IO_ADVLiveDump", "IO_ADVLiveDump\IO_ADVLiveDump.csproj", "{77CFAC6E-4529-4A93-B326-DB3E4615870E}"
EndProject
Project("{FAE04EC0-301F-11D3-BF4B-00C04F79EFBC}") = "IO_ResizeKeypad", "IO_ResizeKeypad\IO_ResizeKeypad.csproj", "{DB4C63E2-F647-4573-AAC6-F51991849A6C}"
EndProject
Project("{FAE04EC0-301F-11D3-BF4B-00C04F79EFBC}") = "IO_EnglishLauncher", "IO_EnglishLauncher\IO_EnglishLauncher.csproj", "{526AD85F-0123-473C-BE60-CB3FAB32395A}"
EndProject
Project("{FAE04EC0-301F-11D3-BF4B-00C04F79EFBC}") = "BepInEx.IO_ExSlider.Plugin", "BepInEx.IO_ExSlider.Plugin\BepInEx.IO_ExSlider.Plugin.csproj", "{02C8F340-390F-4F7E-A9E6-3A1C4563F64B}"
EndProject
Global
	GlobalSection(SolutionConfigurationPlatforms) = preSolution
		Debug|Any CPU = Debug|Any CPU
		Release|Any CPU = Release|Any CPU
	EndGlobalSection
	GlobalSection(ProjectConfigurationPlatforms) = postSolution
		{5DFD5F8A-0440-4082-8B66-C8685295EFB4}.Debug|Any CPU.ActiveCfg = Debug|Any CPU
		{5DFD5F8A-0440-4082-8B66-C8685295EFB4}.Debug|Any CPU.Build.0 = Debug|Any CPU
		{5DFD5F8A-0440-4082-8B66-C8685295EFB4}.Release|Any CPU.ActiveCfg = Release|Any CPU
		{5DFD5F8A-0440-4082-8B66-C8685295EFB4}.Release|Any CPU.Build.0 = Release|Any CPU
		{CA011C81-099E-4462-B119-C344F0F78AD2}.Debug|Any CPU.ActiveCfg = Debug|Any CPU
		{CA011C81-099E-4462-B119-C344F0F78AD2}.Debug|Any CPU.Build.0 = Debug|Any CPU
		{CA011C81-099E-4462-B119-C344F0F78AD2}.Release|Any CPU.ActiveCfg = Release|Any CPU
		{CA011C81-099E-4462-B119-C344F0F78AD2}.Release|Any CPU.Build.0 = Release|Any CPU
		{5A583890-95C4-4356-BEFA-79B7B367B580}.Debug|Any CPU.ActiveCfg = Debug|Any CPU
		{5A583890-95C4-4356-BEFA-79B7B367B580}.Debug|Any CPU.Build.0 = Debug|Any CPU
		{5A583890-95C4-4356-BEFA-79B7B367B580}.Release|Any CPU.ActiveCfg = Release|Any CPU
		{5A583890-95C4-4356-BEFA-79B7B367B580}.Release|Any CPU.Build.0 = Release|Any CPU
		{77CFAC6E-4529-4A93-B326-DB3E4615870E}.Debug|Any CPU.ActiveCfg = Debug|Any CPU
		{77CFAC6E-4529-4A93-B326-DB3E4615870E}.Debug|Any CPU.Build.0 = Debug|Any CPU
		{77CFAC6E-4529-4A93-B326-DB3E4615870E}.Release|Any CPU.ActiveCfg = Release|Any CPU
		{77CFAC6E-4529-4A93-B326-DB3E4615870E}.Release|Any CPU.Build.0 = Release|Any CPU
		{DB4C63E2-F647-4573-AAC6-F51991849A6C}.Debug|Any CPU.ActiveCfg = Debug|Any CPU
		{DB4C63E2-F647-4573-AAC6-F51991849A6C}.Debug|Any CPU.Build.0 = Debug|Any CPU
		{DB4C63E2-F647-4573-AAC6-F51991849A6C}.Release|Any CPU.ActiveCfg = Release|Any CPU
		{DB4C63E2-F647-4573-AAC6-F51991849A6C}.Release|Any CPU.Build.0 = Release|Any CPU
		{526AD85F-0123-473C-BE60-CB3FAB32395A}.Debug|Any CPU.ActiveCfg = Debug|Any CPU
		{526AD85F-0123-473C-BE60-CB3FAB32395A}.Debug|Any CPU.Build.0 = Debug|Any CPU
		{526AD85F-0123-473C-BE60-CB3FAB32395A}.Release|Any CPU.ActiveCfg = Release|Any CPU
		{526AD85F-0123-473C-BE60-CB3FAB32395A}.Release|Any CPU.Build.0 = Release|Any CPU
		{02C8F340-390F-4F7E-A9E6-3A1C4563F64B}.Debug|Any CPU.ActiveCfg = Debug|Any CPU
		{02C8F340-390F-4F7E-A9E6-3A1C4563F64B}.Debug|Any CPU.Build.0 = Debug|Any CPU
		{02C8F340-390F-4F7E-A9E6-3A1C4563F64B}.Release|Any CPU.ActiveCfg = Release|Any CPU
		{02C8F340-390F-4F7E-A9E6-3A1C4563F64B}.Release|Any CPU.Build.0 = Release|Any CPU
	EndGlobalSection
	GlobalSection(SolutionProperties) = preSolution
		HideSolutionNode = FALSE
	EndGlobalSection
	GlobalSection(ExtensibilityGlobals) = postSolution
		SolutionGuid = {296DAF79-4423-42C4-BBBA-7400AEE271F8}
	EndGlobalSection
EndGlobal
