
Microsoft Visual Studio Solution File, Format Version 12.00
# Visual Studio Version 16
VisualStudioVersion = 16.0.32106.194
MinimumVisualStudioVersion = 10.0.40219.1
Project("{FAE04EC0-301F-11D3-BF4B-00C04F79EFBC}") = "IO_Demosaic", "IO_Demosaic\IO_Demosaic.csproj", "{5DFD5F8A-0440-4082-8B66-C8685295EFB4}"
EndProject
Project("{FAE04EC0-301F-11D3-BF4B-00C04F79EFBC}") = "IOTextureReplacer", "IOTextureReplacer\IOTextureReplacer.csproj", "{CA011C81-099E-4462-B119-C344F0F78AD2}"
EndProject
Global
	GlobalSection(SolutionConfigurationPlatforms) = preSolution
		Debug|Any CPU = Debug|Any CPU
		Release|Any CPU = Release|Any CPU
	EndGlobalSection
	GlobalSection(ProjectConfigurationPlatforms) = postSolution
		{5DFD5F8A-0440-4082-8B66-C8685295EFB4}.Debug|Any CPU.ActiveCfg = Debug|Any CPU
		{5DFD5F8A-0440-4082-8B66-C8685295EFB4}.Debug|Any CPU.Build.0 = Debug|Any CPU
		{5DFD5F8A-0440-4082-8B66-C8685295EFB4}.Release|Any CPU.ActiveCfg = Release|Any CPU
		{5DFD5F8A-0440-4082-8B66-C8685295EFB4}.Release|Any CPU.Build.0 = Release|Any CPU
		{CA011C81-099E-4462-B119-C344F0F78AD2}.Debug|Any CPU.ActiveCfg = Debug|Any CPU
		{CA011C81-099E-4462-B119-C344F0F78AD2}.Debug|Any CPU.Build.0 = Debug|Any CPU
		{CA011C81-099E-4462-B119-C344F0F78AD2}.Release|Any CPU.ActiveCfg = Release|Any CPU
		{CA011C81-099E-4462-B119-C344F0F78AD2}.Release|Any CPU.Build.0 = Release|Any CPU
	EndGlobalSection
	GlobalSection(SolutionProperties) = preSolution
		HideSolutionNode = FALSE
	EndGlobalSection
	GlobalSection(ExtensibilityGlobals) = postSolution
		SolutionGuid = {296DAF79-4423-42C4-BBBA-7400AEE271F8}
	EndGlobalSection
EndGlobal
